
Microsoft Visual Studio Solution File, Format Version 12.00
# Visual Studio Version 17
VisualStudioVersion = 17.5.33502.453
MinimumVisualStudioVersion = 10.0.40219.1
Project("{FAE04EC0-301F-11D3-BF4B-00C04F79EFBC}") = "DesignPatterns", "DesignPatterns.csproj", "{CF75CEB9-15A3-4423-86A4-ADD4B56A16EE}"
EndProject
Global
	GlobalSection(SolutionConfigurationPlatforms) = preSolution
		Debug|Any CPU = Debug|Any CPU
		Release|Any CPU = Release|Any CPU
	EndGlobalSection
	GlobalSection(ProjectConfigurationPlatforms) = postSolution
		{CF75CEB9-15A3-4423-86A4-ADD4B56A16EE}.Debug|Any CPU.ActiveCfg = Debug|Any CPU
		{CF75CEB9-15A3-4423-86A4-ADD4B56A16EE}.Debug|Any CPU.Build.0 = Debug|Any CPU
		{CF75CEB9-15A3-4423-86A4-ADD4B56A16EE}.Release|Any CPU.ActiveCfg = Release|Any CPU
		{CF75CEB9-15A3-4423-86A4-ADD4B56A16EE}.Release|Any CPU.Build.0 = Release|Any CPU
	EndGlobalSection
	GlobalSection(SolutionProperties) = preSolution
		HideSolutionNode = FALSE
	EndGlobalSection
	GlobalSection(ExtensibilityGlobals) = postSolution
		SolutionGuid = {60EB0C0F-5FC7-4256-AAA0-CFA9F927CEA1}
	EndGlobalSection
EndGlobal
